
Microsoft Visual Studio Solution File, Format Version 12.00
# Visual Studio Version 17
VisualStudioVersion = 17.0.32014.148
MinimumVisualStudioVersion = 10.0.40219.1
Project("{FAE04EC0-301F-11D3-BF4B-00C04F79EFBC}") = "Light-Sro Admin Controller", "Light-Sro Admin Controller\Light-Sro Admin Controller.csproj", "{FB3061AD-C6D7-4605-A62D-46DF83DA0D1A}"
EndProject
Global
	GlobalSection(SolutionConfigurationPlatforms) = preSolution
		Debug|Any CPU = Debug|Any CPU
		Release|Any CPU = Release|Any CPU
	EndGlobalSection
	GlobalSection(ProjectConfigurationPlatforms) = postSolution
		{FB3061AD-C6D7-4605-A62D-46DF83DA0D1A}.Debug|Any CPU.ActiveCfg = Debug|Any CPU
		{FB3061AD-C6D7-4605-A62D-46DF83DA0D1A}.Debug|Any CPU.Build.0 = Debug|Any CPU
		{FB3061AD-C6D7-4605-A62D-46DF83DA0D1A}.Release|Any CPU.ActiveCfg = Release|Any CPU
		{FB3061AD-C6D7-4605-A62D-46DF83DA0D1A}.Release|Any CPU.Build.0 = Release|Any CPU
	EndGlobalSection
	GlobalSection(SolutionProperties) = preSolution
		HideSolutionNode = FALSE
	EndGlobalSection
	GlobalSection(ExtensibilityGlobals) = postSolution
		SolutionGuid = {B7FD2D02-652A-4C3E-8E81-9992A6E0E602}
	EndGlobalSection
EndGlobal
